
Microsoft Visual Studio Solution File, Format Version 12.00
# Visual Studio Version 17
VisualStudioVersion = 17.5.002.0
MinimumVisualStudioVersion = 10.0.40219.1
Project("{9A19103F-16F7-4668-BE54-9A1E7A4F7556}") = "Logistics.WebApi", "Logistics.WebApi.csproj", "{6456E3E5-F9D6-4ECB-93C4-FB0E5B18C537}"
EndProject
Global
	GlobalSection(SolutionConfigurationPlatforms) = preSolution
		Debug|Any CPU = Debug|Any CPU
		Release|Any CPU = Release|Any CPU
	EndGlobalSection
	GlobalSection(ProjectConfigurationPlatforms) = postSolution
		{6456E3E5-F9D6-4ECB-93C4-FB0E5B18C537}.Debug|Any CPU.ActiveCfg = Debug|Any CPU
		{6456E3E5-F9D6-4ECB-93C4-FB0E5B18C537}.Debug|Any CPU.Build.0 = Debug|Any CPU
		{6456E3E5-F9D6-4ECB-93C4-FB0E5B18C537}.Release|Any CPU.ActiveCfg = Release|Any CPU
		{6456E3E5-F9D6-4ECB-93C4-FB0E5B18C537}.Release|Any CPU.Build.0 = Release|Any CPU
	EndGlobalSection
	GlobalSection(SolutionProperties) = preSolution
		HideSolutionNode = FALSE
	EndGlobalSection
	GlobalSection(ExtensibilityGlobals) = postSolution
		SolutionGuid = {04E6F2B5-D824-44A8-BD31-33A5914E813E}
	EndGlobalSection
EndGlobal
