
Microsoft Visual Studio Solution File, Format Version 12.00
# Visual Studio Version 16
VisualStudioVersion = 25.0.1706.6
MinimumVisualStudioVersion = 10.0.40219.1
Project("{FAE04EC0-301F-11D3-BF4B-00C04F79EFBC}") = "Logistics.Domain", "Logistics.Domain.csproj", "{A1ACE433-18B7-4B0C-9CDF-CC05AC3854BE}"
EndProject
Global
	GlobalSection(SolutionConfigurationPlatforms) = preSolution
		Debug|Any CPU = Debug|Any CPU
		Release|Any CPU = Release|Any CPU
	EndGlobalSection
	GlobalSection(ProjectConfigurationPlatforms) = postSolution
		{A1ACE433-18B7-4B0C-9CDF-CC05AC3854BE}.Debug|Any CPU.ActiveCfg = Debug|Any CPU
		{A1ACE433-18B7-4B0C-9CDF-CC05AC3854BE}.Debug|Any CPU.Build.0 = Debug|Any CPU
		{A1ACE433-18B7-4B0C-9CDF-CC05AC3854BE}.Release|Any CPU.ActiveCfg = Release|Any CPU
		{A1ACE433-18B7-4B0C-9CDF-CC05AC3854BE}.Release|Any CPU.Build.0 = Release|Any CPU
	EndGlobalSection
	GlobalSection(SolutionProperties) = preSolution
		HideSolutionNode = FALSE
	EndGlobalSection
	GlobalSection(ExtensibilityGlobals) = postSolution
		SolutionGuid = {2B9FA746-A4AE-4B9A-AE19-3272BC3A5CDF}
	EndGlobalSection
EndGlobal
